
Microsoft Visual Studio Solution File, Format Version 12.00
Project("{FAE04EC0-301F-11D3-BF4B-00C04F79EFBC}") = "ShapeLib", "ShapeLib\ShapeLib.csproj", "{9A9B71E2-7AC3-4D0C-8201-EC078A55B984}"
EndProject
Project("{FAE04EC0-301F-11D3-BF4B-00C04F79EFBC}") = "ShapeLibConsoleClient", "ShapeLibConsoleClient\ShapeLibConsoleClient.csproj", "{2CBC134B-CAD5-49F6-8299-506E310D18A1}"
EndProject
Project("{FAE04EC0-301F-11D3-BF4B-00C04F79EFBC}") = "ShapeLibTests", "ShapeLibTests\ShapeLibTests.csproj", "{E2A91BFE-F9B2-40B3-872E-D56E940722C4}"
EndProject
Global
	GlobalSection(SolutionConfigurationPlatforms) = preSolution
		Debug|Any CPU = Debug|Any CPU
		Release|Any CPU = Release|Any CPU
	EndGlobalSection
	GlobalSection(ProjectConfigurationPlatforms) = postSolution
		{9A9B71E2-7AC3-4D0C-8201-EC078A55B984}.Debug|Any CPU.ActiveCfg = Debug|Any CPU
		{9A9B71E2-7AC3-4D0C-8201-EC078A55B984}.Debug|Any CPU.Build.0 = Debug|Any CPU
		{9A9B71E2-7AC3-4D0C-8201-EC078A55B984}.Release|Any CPU.ActiveCfg = Release|Any CPU
		{9A9B71E2-7AC3-4D0C-8201-EC078A55B984}.Release|Any CPU.Build.0 = Release|Any CPU
		{2CBC134B-CAD5-49F6-8299-506E310D18A1}.Debug|Any CPU.ActiveCfg = Debug|Any CPU
		{2CBC134B-CAD5-49F6-8299-506E310D18A1}.Debug|Any CPU.Build.0 = Debug|Any CPU
		{2CBC134B-CAD5-49F6-8299-506E310D18A1}.Release|Any CPU.ActiveCfg = Release|Any CPU
		{2CBC134B-CAD5-49F6-8299-506E310D18A1}.Release|Any CPU.Build.0 = Release|Any CPU
		{E2A91BFE-F9B2-40B3-872E-D56E940722C4}.Debug|Any CPU.ActiveCfg = Debug|Any CPU
		{E2A91BFE-F9B2-40B3-872E-D56E940722C4}.Debug|Any CPU.Build.0 = Debug|Any CPU
		{E2A91BFE-F9B2-40B3-872E-D56E940722C4}.Release|Any CPU.ActiveCfg = Release|Any CPU
		{E2A91BFE-F9B2-40B3-872E-D56E940722C4}.Release|Any CPU.Build.0 = Release|Any CPU
	EndGlobalSection
EndGlobal
